
Microsoft Visual Studio Solution File, Format Version 12.00
# Visual Studio 15
VisualStudioVersion = 15.0.27428.2027
MinimumVisualStudioVersion = 10.0.40219.1
Project("{FAE04EC0-301F-11D3-BF4B-00C04F79EFBC}") = "TenniOddMarathon", "TenniOddMarathon\TenniOddMarathon.csproj", "{9B5145D5-6231-4FFD-8AA2-4A776226D709}"
EndProject
Project("{FAE04EC0-301F-11D3-BF4B-00C04F79EFBC}") = "OddMarathon.Dal", "OddMarathon.Dal\OddMarathon.Dal.csproj", "{1042546B-CCCD-415E-9DDE-1E2A0951CB4B}"
EndProject
Project("{FAE04EC0-301F-11D3-BF4B-00C04F79EFBC}") = "OddMarathon.Services", "OddMarathon.Services\OddMarathon.Services.csproj", "{622CA3B9-2A9D-4833-ABA7-767C9B62A218}"
EndProject
Project("{FAE04EC0-301F-11D3-BF4B-00C04F79EFBC}") = "OddMarathon.Scraper", "OddMarathon.Scraper\OddMarathon.Scraper.csproj", "{DE4AF37C-FD44-4577-A5A0-FA7ADAB77420}"
EndProject
Global
	GlobalSection(SolutionConfigurationPlatforms) = preSolution
		Debug|Any CPU = Debug|Any CPU
		Release|Any CPU = Release|Any CPU
	EndGlobalSection
	GlobalSection(ProjectConfigurationPlatforms) = postSolution
		{9B5145D5-6231-4FFD-8AA2-4A776226D709}.Debug|Any CPU.ActiveCfg = Debug|Any CPU
		{9B5145D5-6231-4FFD-8AA2-4A776226D709}.Debug|Any CPU.Build.0 = Debug|Any CPU
		{9B5145D5-6231-4FFD-8AA2-4A776226D709}.Release|Any CPU.ActiveCfg = Release|Any CPU
		{9B5145D5-6231-4FFD-8AA2-4A776226D709}.Release|Any CPU.Build.0 = Release|Any CPU
		{1042546B-CCCD-415E-9DDE-1E2A0951CB4B}.Debug|Any CPU.ActiveCfg = Debug|Any CPU
		{1042546B-CCCD-415E-9DDE-1E2A0951CB4B}.Debug|Any CPU.Build.0 = Debug|Any CPU
		{1042546B-CCCD-415E-9DDE-1E2A0951CB4B}.Release|Any CPU.ActiveCfg = Release|Any CPU
		{1042546B-CCCD-415E-9DDE-1E2A0951CB4B}.Release|Any CPU.Build.0 = Release|Any CPU
		{622CA3B9-2A9D-4833-ABA7-767C9B62A218}.Debug|Any CPU.ActiveCfg = Debug|Any CPU
		{622CA3B9-2A9D-4833-ABA7-767C9B62A218}.Debug|Any CPU.Build.0 = Debug|Any CPU
		{622CA3B9-2A9D-4833-ABA7-767C9B62A218}.Release|Any CPU.ActiveCfg = Release|Any CPU
		{622CA3B9-2A9D-4833-ABA7-767C9B62A218}.Release|Any CPU.Build.0 = Release|Any CPU
		{DE4AF37C-FD44-4577-A5A0-FA7ADAB77420}.Debug|Any CPU.ActiveCfg = Debug|Any CPU
		{DE4AF37C-FD44-4577-A5A0-FA7ADAB77420}.Debug|Any CPU.Build.0 = Debug|Any CPU
		{DE4AF37C-FD44-4577-A5A0-FA7ADAB77420}.Release|Any CPU.ActiveCfg = Release|Any CPU
		{DE4AF37C-FD44-4577-A5A0-FA7ADAB77420}.Release|Any CPU.Build.0 = Release|Any CPU
	EndGlobalSection
	GlobalSection(SolutionProperties) = preSolution
		HideSolutionNode = FALSE
	EndGlobalSection
	GlobalSection(ExtensibilityGlobals) = postSolution
		SolutionGuid = {3AE3ADAC-5365-4793-8320-AAB97009649A}
	EndGlobalSection
EndGlobal
